
Microsoft Visual Studio Solution File, Format Version 12.00
# Visual Studio 2012
VisualStudioVersion = 14.0.23107.0
MinimumVisualStudioVersion = 10.0.40219.1
Project("{FAE04EC0-301F-11D3-BF4B-00C04F79EFBC}") = "Voucher+Paper_Wallet", "Voucher+Paper_Wallet\Voucher+Paper_Wallet.csproj", "{0C4A6593-0D7C-41F8-915C-E7007574F365}"
EndProject
Global
	GlobalSection(SolutionConfigurationPlatforms) = preSolution
		Debug|Any CPU = Debug|Any CPU
		Release|Any CPU = Release|Any CPU
	EndGlobalSection
	GlobalSection(ProjectConfigurationPlatforms) = postSolution
		{0C4A6593-0D7C-41F8-915C-E7007574F365}.Debug|Any CPU.ActiveCfg = Debug|Any CPU
		{0C4A6593-0D7C-41F8-915C-E7007574F365}.Debug|Any CPU.Build.0 = Debug|Any CPU
		{0C4A6593-0D7C-41F8-915C-E7007574F365}.Release|Any CPU.ActiveCfg = Release|Any CPU
		{0C4A6593-0D7C-41F8-915C-E7007574F365}.Release|Any CPU.Build.0 = Release|Any CPU
	EndGlobalSection
	GlobalSection(MonoDevelopProperties) = preSolution
		description = nem voucher / paper wallet generator by owon
		version = 0.1.20161030
	EndGlobalSection
	GlobalSection(SolutionProperties) = preSolution
		HideSolutionNode = FALSE
	EndGlobalSection
EndGlobal
