
Microsoft Visual Studio Solution File, Format Version 12.00
# Visual Studio 2012
VisualStudioVersion = 14.0.23107.0
MinimumVisualStudioVersion = 10.0.40219.1
Project("{FAE04EC0-301F-11D3-BF4B-00C04F79EFBC}") = "Voucher+Paper_Wallet", "Voucher+Paper_Wallet\Voucher+Paper_Wallet.csproj", "{0C4A6593-0D7C-41F8-915C-E7007574F365}"
EndProject
Global
	GlobalSection(SolutionConfigurationPlatforms) = preSolution
		Debug|Any CPU = Debug|Any CPU
		Release|Any CPU = Release|Any CPU
	EndGlobalSection
	GlobalSection(ProjectConfigurationPlatforms) = postSolution
		{0C4A6593-0D7C-41F8-915C-E7007574F365}.Debug|Any CPU.ActiveCfg = Debug|Any CPU
		{0C4A6593-0D7C-41F8-915C-E7007574F365}.Debug|Any CPU.Build.0 = Debug|Any CPU
		{0C4A6593-0D7C-41F8-915C-E7007574F365}.Release|Any CPU.ActiveCfg = Release|Any CPU
		{0C4A6593-0D7C-41F8-915C-E7007574F365}.Release|Any CPU.Build.0 = Release|Any CPU
	EndGlobalSection
	GlobalSection(MonoDevelopProperties) = preSolution
		description = nem voucher / paper wallet generator by owon
		version = 0.6.20180504-1
		Policies = $0
		$0.DotNetNamingPolicy = $1
		$0.StandardHeader = $2
		$0.NameConventionPolicy = $3
		$3.Rules = $4
		$4.NamingRule = $5
		$5.Name = Type Parameters
		$5.AffectedEntity = TypeParameter
		$5.VisibilityMask = VisibilityMask
		$5.NamingStyle = PascalCase
		$5.IncludeInstanceMembers = True
		$5.IncludeStaticEntities = True
		$5.RequiredPrefixes = $6
		$6.String = T
		$5.RequiredSuffixes = $7
		$7.String = Exception
		$0.VersionControlPolicy = $8
	EndGlobalSection
	GlobalSection(SolutionProperties) = preSolution
		HideSolutionNode = FALSE
	EndGlobalSection
EndGlobal
